
Microsoft Visual Studio Solution File, Format Version 12.00
# Visual Studio Version 17
VisualStudioVersion = 17.8.34330.188
MinimumVisualStudioVersion = 10.0.40219.1
Project("{FAE04EC0-301F-11D3-BF4B-00C04F79EFBC}") = "InterfaceAbstractDemo", "InterfaceAbstractDemo\InterfaceAbstractDemo.csproj", "{D42650B9-A4F3-4DCB-A8A4-75EFB11DC952}"
EndProject
Global
	GlobalSection(SolutionConfigurationPlatforms) = preSolution
		Debug|Any CPU = Debug|Any CPU
		Release|Any CPU = Release|Any CPU
	EndGlobalSection
	GlobalSection(ProjectConfigurationPlatforms) = postSolution
		{D42650B9-A4F3-4DCB-A8A4-75EFB11DC952}.Debug|Any CPU.ActiveCfg = Debug|Any CPU
		{D42650B9-A4F3-4DCB-A8A4-75EFB11DC952}.Debug|Any CPU.Build.0 = Debug|Any CPU
		{D42650B9-A4F3-4DCB-A8A4-75EFB11DC952}.Release|Any CPU.ActiveCfg = Release|Any CPU
		{D42650B9-A4F3-4DCB-A8A4-75EFB11DC952}.Release|Any CPU.Build.0 = Release|Any CPU
	EndGlobalSection
	GlobalSection(SolutionProperties) = preSolution
		HideSolutionNode = FALSE
	EndGlobalSection
	GlobalSection(ExtensibilityGlobals) = postSolution
		SolutionGuid = {670AB150-9245-491D-A32A-CAA3C143EDBD}
	EndGlobalSection
EndGlobal
