
Microsoft Visual Studio Solution File, Format Version 12.00
# Visual Studio Version 17
VisualStudioVersion = 17.8.34330.188
MinimumVisualStudioVersion = 10.0.40219.1
Project("{9A19103F-16F7-4668-BE54-9A1E7A4F7556}") = "KampIntro", "KampIntro\KampIntro.csproj", "{46422C74-9EA9-41A5-83B7-B3F23C71ED76}"
EndProject
Project("{9A19103F-16F7-4668-BE54-9A1E7A4F7556}") = "Loops", "Loops\Loops.csproj", "{5E92C3D8-596A-4DAA-B6E3-6BF20FB593A9}"
EndProject
Project("{9A19103F-16F7-4668-BE54-9A1E7A4F7556}") = "ClassIntro", "ClassIntro\ClassIntro.csproj", "{5B54E108-5199-4F31-B63B-7741C5351A7D}"
EndProject
Project("{9A19103F-16F7-4668-BE54-9A1E7A4F7556}") = "Methods", "Methods\Methods.csproj", "{A7EA5E0E-DF9B-4FA7-9172-377AAEEBD911}"
EndProject
Project("{9A19103F-16F7-4668-BE54-9A1E7A4F7556}") = "Math", "Math\Math.csproj", "{3C637410-E648-44CF-A3EF-A9F2F27EDB62}"
EndProject
Project("{9A19103F-16F7-4668-BE54-9A1E7A4F7556}") = "ValueAndReferenceTypes", "ValueAndReferenceTypes\ValueAndReferenceTypes.csproj", "{CF0E06D4-94AD-4BFB-A443-A5CFD09C5920}"
EndProject
Project("{9A19103F-16F7-4668-BE54-9A1E7A4F7556}") = "OOP1", "OOP1\OOP1.csproj", "{C25A739B-2F06-4B30-98A7-9FC9E357B74C}"
EndProject
Project("{9A19103F-16F7-4668-BE54-9A1E7A4F7556}") = "Collections", "Collections\Collections.csproj", "{7C6D4752-8E49-4BC9-A5B5-D7DF5B5973C5}"
EndProject
Project("{9A19103F-16F7-4668-BE54-9A1E7A4F7556}") = "GenericsIntro", "GenericsIntro\GenericsIntro.csproj", "{934E528E-3EEC-47B5-90C2-07629A8021BC}"
EndProject
Project("{FAE04EC0-301F-11D3-BF4B-00C04F79EFBC}") = "OOP2", "OOP2\OOP2.csproj", "{05BC32C9-5C12-4830-B567-7648934F4840}"
EndProject
Project("{FAE04EC0-301F-11D3-BF4B-00C04F79EFBC}") = "OOP3", "OOP3\OOP3.csproj", "{66BAFE2D-BB3F-4508-B082-00717FF03F31}"
EndProject
Global
	GlobalSection(SolutionConfigurationPlatforms) = preSolution
		Debug|Any CPU = Debug|Any CPU
		Release|Any CPU = Release|Any CPU
	EndGlobalSection
	GlobalSection(ProjectConfigurationPlatforms) = postSolution
		{46422C74-9EA9-41A5-83B7-B3F23C71ED76}.Debug|Any CPU.ActiveCfg = Debug|Any CPU
		{46422C74-9EA9-41A5-83B7-B3F23C71ED76}.Debug|Any CPU.Build.0 = Debug|Any CPU
		{46422C74-9EA9-41A5-83B7-B3F23C71ED76}.Release|Any CPU.ActiveCfg = Release|Any CPU
		{46422C74-9EA9-41A5-83B7-B3F23C71ED76}.Release|Any CPU.Build.0 = Release|Any CPU
		{5E92C3D8-596A-4DAA-B6E3-6BF20FB593A9}.Debug|Any CPU.ActiveCfg = Debug|Any CPU
		{5E92C3D8-596A-4DAA-B6E3-6BF20FB593A9}.Debug|Any CPU.Build.0 = Debug|Any CPU
		{5E92C3D8-596A-4DAA-B6E3-6BF20FB593A9}.Release|Any CPU.ActiveCfg = Release|Any CPU
		{5E92C3D8-596A-4DAA-B6E3-6BF20FB593A9}.Release|Any CPU.Build.0 = Release|Any CPU
		{5B54E108-5199-4F31-B63B-7741C5351A7D}.Debug|Any CPU.ActiveCfg = Debug|Any CPU
		{5B54E108-5199-4F31-B63B-7741C5351A7D}.Debug|Any CPU.Build.0 = Debug|Any CPU
		{5B54E108-5199-4F31-B63B-7741C5351A7D}.Release|Any CPU.ActiveCfg = Release|Any CPU
		{5B54E108-5199-4F31-B63B-7741C5351A7D}.Release|Any CPU.Build.0 = Release|Any CPU
		{A7EA5E0E-DF9B-4FA7-9172-377AAEEBD911}.Debug|Any CPU.ActiveCfg = Debug|Any CPU
		{A7EA5E0E-DF9B-4FA7-9172-377AAEEBD911}.Debug|Any CPU.Build.0 = Debug|Any CPU
		{A7EA5E0E-DF9B-4FA7-9172-377AAEEBD911}.Release|Any CPU.ActiveCfg = Release|Any CPU
		{A7EA5E0E-DF9B-4FA7-9172-377AAEEBD911}.Release|Any CPU.Build.0 = Release|Any CPU
		{3C637410-E648-44CF-A3EF-A9F2F27EDB62}.Debug|Any CPU.ActiveCfg = Debug|Any CPU
		{3C637410-E648-44CF-A3EF-A9F2F27EDB62}.Debug|Any CPU.Build.0 = Debug|Any CPU
		{3C637410-E648-44CF-A3EF-A9F2F27EDB62}.Release|Any CPU.ActiveCfg = Release|Any CPU
		{3C637410-E648-44CF-A3EF-A9F2F27EDB62}.Release|Any CPU.Build.0 = Release|Any CPU
		{CF0E06D4-94AD-4BFB-A443-A5CFD09C5920}.Debug|Any CPU.ActiveCfg = Debug|Any CPU
		{CF0E06D4-94AD-4BFB-A443-A5CFD09C5920}.Debug|Any CPU.Build.0 = Debug|Any CPU
		{CF0E06D4-94AD-4BFB-A443-A5CFD09C5920}.Release|Any CPU.ActiveCfg = Release|Any CPU
		{CF0E06D4-94AD-4BFB-A443-A5CFD09C5920}.Release|Any CPU.Build.0 = Release|Any CPU
		{C25A739B-2F06-4B30-98A7-9FC9E357B74C}.Debug|Any CPU.ActiveCfg = Debug|Any CPU
		{C25A739B-2F06-4B30-98A7-9FC9E357B74C}.Debug|Any CPU.Build.0 = Debug|Any CPU
		{C25A739B-2F06-4B30-98A7-9FC9E357B74C}.Release|Any CPU.ActiveCfg = Release|Any CPU
		{C25A739B-2F06-4B30-98A7-9FC9E357B74C}.Release|Any CPU.Build.0 = Release|Any CPU
		{7C6D4752-8E49-4BC9-A5B5-D7DF5B5973C5}.Debug|Any CPU.ActiveCfg = Debug|Any CPU
		{7C6D4752-8E49-4BC9-A5B5-D7DF5B5973C5}.Debug|Any CPU.Build.0 = Debug|Any CPU
		{7C6D4752-8E49-4BC9-A5B5-D7DF5B5973C5}.Release|Any CPU.ActiveCfg = Release|Any CPU
		{7C6D4752-8E49-4BC9-A5B5-D7DF5B5973C5}.Release|Any CPU.Build.0 = Release|Any CPU
		{934E528E-3EEC-47B5-90C2-07629A8021BC}.Debug|Any CPU.ActiveCfg = Debug|Any CPU
		{934E528E-3EEC-47B5-90C2-07629A8021BC}.Debug|Any CPU.Build.0 = Debug|Any CPU
		{934E528E-3EEC-47B5-90C2-07629A8021BC}.Release|Any CPU.ActiveCfg = Release|Any CPU
		{934E528E-3EEC-47B5-90C2-07629A8021BC}.Release|Any CPU.Build.0 = Release|Any CPU
		{05BC32C9-5C12-4830-B567-7648934F4840}.Debug|Any CPU.ActiveCfg = Debug|Any CPU
		{05BC32C9-5C12-4830-B567-7648934F4840}.Debug|Any CPU.Build.0 = Debug|Any CPU
		{05BC32C9-5C12-4830-B567-7648934F4840}.Release|Any CPU.ActiveCfg = Release|Any CPU
		{05BC32C9-5C12-4830-B567-7648934F4840}.Release|Any CPU.Build.0 = Release|Any CPU
		{66BAFE2D-BB3F-4508-B082-00717FF03F31}.Debug|Any CPU.ActiveCfg = Debug|Any CPU
		{66BAFE2D-BB3F-4508-B082-00717FF03F31}.Debug|Any CPU.Build.0 = Debug|Any CPU
		{66BAFE2D-BB3F-4508-B082-00717FF03F31}.Release|Any CPU.ActiveCfg = Release|Any CPU
		{66BAFE2D-BB3F-4508-B082-00717FF03F31}.Release|Any CPU.Build.0 = Release|Any CPU
	EndGlobalSection
	GlobalSection(SolutionProperties) = preSolution
		HideSolutionNode = FALSE
	EndGlobalSection
	GlobalSection(ExtensibilityGlobals) = postSolution
		SolutionGuid = {1DD1E0FC-742A-49A6-94AA-EC8FECF3F26C}
	EndGlobalSection
EndGlobal
