
Microsoft Visual Studio Solution File, Format Version 12.00
# Visual Studio Version 17
VisualStudioVersion = 17.8.34330.188
MinimumVisualStudioVersion = 10.0.40219.1
Project("{FAE04EC0-301F-11D3-BF4B-00C04F79EFBC}") = "Entities", "Entities\Entities.csproj", "{E36FA99A-CBD0-48C6-8320-6FDAFAB55FB0}"
EndProject
Project("{FAE04EC0-301F-11D3-BF4B-00C04F79EFBC}") = "DataAccess", "DataAccess\DataAccess.csproj", "{2A871AE9-3AB5-4DF8-B1AE-9A983E8621A8}"
EndProject
Project("{FAE04EC0-301F-11D3-BF4B-00C04F79EFBC}") = "Business", "Business\Business.csproj", "{825A4751-A337-4626-9E7B-DEC24E7801EA}"
EndProject
Project("{FAE04EC0-301F-11D3-BF4B-00C04F79EFBC}") = "ConsoleUI", "ConsoleUI\ConsoleUI.csproj", "{816A2049-AC7A-4B56-9263-E145170C7FE8}"
EndProject
Global
	GlobalSection(SolutionConfigurationPlatforms) = preSolution
		Debug|Any CPU = Debug|Any CPU
		Release|Any CPU = Release|Any CPU
	EndGlobalSection
	GlobalSection(ProjectConfigurationPlatforms) = postSolution
		{E36FA99A-CBD0-48C6-8320-6FDAFAB55FB0}.Debug|Any CPU.ActiveCfg = Debug|Any CPU
		{E36FA99A-CBD0-48C6-8320-6FDAFAB55FB0}.Debug|Any CPU.Build.0 = Debug|Any CPU
		{E36FA99A-CBD0-48C6-8320-6FDAFAB55FB0}.Release|Any CPU.ActiveCfg = Release|Any CPU
		{E36FA99A-CBD0-48C6-8320-6FDAFAB55FB0}.Release|Any CPU.Build.0 = Release|Any CPU
		{2A871AE9-3AB5-4DF8-B1AE-9A983E8621A8}.Debug|Any CPU.ActiveCfg = Debug|Any CPU
		{2A871AE9-3AB5-4DF8-B1AE-9A983E8621A8}.Debug|Any CPU.Build.0 = Debug|Any CPU
		{2A871AE9-3AB5-4DF8-B1AE-9A983E8621A8}.Release|Any CPU.ActiveCfg = Release|Any CPU
		{2A871AE9-3AB5-4DF8-B1AE-9A983E8621A8}.Release|Any CPU.Build.0 = Release|Any CPU
		{825A4751-A337-4626-9E7B-DEC24E7801EA}.Debug|Any CPU.ActiveCfg = Debug|Any CPU
		{825A4751-A337-4626-9E7B-DEC24E7801EA}.Debug|Any CPU.Build.0 = Debug|Any CPU
		{825A4751-A337-4626-9E7B-DEC24E7801EA}.Release|Any CPU.ActiveCfg = Release|Any CPU
		{825A4751-A337-4626-9E7B-DEC24E7801EA}.Release|Any CPU.Build.0 = Release|Any CPU
		{816A2049-AC7A-4B56-9263-E145170C7FE8}.Debug|Any CPU.ActiveCfg = Debug|Any CPU
		{816A2049-AC7A-4B56-9263-E145170C7FE8}.Debug|Any CPU.Build.0 = Debug|Any CPU
		{816A2049-AC7A-4B56-9263-E145170C7FE8}.Release|Any CPU.ActiveCfg = Release|Any CPU
		{816A2049-AC7A-4B56-9263-E145170C7FE8}.Release|Any CPU.Build.0 = Release|Any CPU
	EndGlobalSection
	GlobalSection(SolutionProperties) = preSolution
		HideSolutionNode = FALSE
	EndGlobalSection
	GlobalSection(ExtensibilityGlobals) = postSolution
		SolutionGuid = {49F3D368-50A8-4B00-BDF9-6DF78E0BC1EE}
	EndGlobalSection
EndGlobal
