
Microsoft Visual Studio Solution File, Format Version 12.00
# Visual Studio Version 17
VisualStudioVersion = 17.8.34330.188
MinimumVisualStudioVersion = 10.0.40219.1
Project("{FAE04EC0-301F-11D3-BF4B-00C04F79EFBC}") = "ClassMethodDemo", "ClassMethodDemo\ClassMethodDemo.csproj", "{700452C1-61C0-4C1C-9E96-FF25005DE0CF}"
EndProject
Global
	GlobalSection(SolutionConfigurationPlatforms) = preSolution
		Debug|Any CPU = Debug|Any CPU
		Release|Any CPU = Release|Any CPU
	EndGlobalSection
	GlobalSection(ProjectConfigurationPlatforms) = postSolution
		{700452C1-61C0-4C1C-9E96-FF25005DE0CF}.Debug|Any CPU.ActiveCfg = Debug|Any CPU
		{700452C1-61C0-4C1C-9E96-FF25005DE0CF}.Debug|Any CPU.Build.0 = Debug|Any CPU
		{700452C1-61C0-4C1C-9E96-FF25005DE0CF}.Release|Any CPU.ActiveCfg = Release|Any CPU
		{700452C1-61C0-4C1C-9E96-FF25005DE0CF}.Release|Any CPU.Build.0 = Release|Any CPU
	EndGlobalSection
	GlobalSection(SolutionProperties) = preSolution
		HideSolutionNode = FALSE
	EndGlobalSection
	GlobalSection(ExtensibilityGlobals) = postSolution
		SolutionGuid = {C0B0B627-C329-44B6-A2F1-DCF37911297F}
	EndGlobalSection
EndGlobal
