
Microsoft Visual Studio Solution File, Format Version 12.00
# Visual Studio Version 17
VisualStudioVersion = 17.8.34330.188
MinimumVisualStudioVersion = 10.0.40219.1
Project("{FAE04EC0-301F-11D3-BF4B-00C04F79EFBC}") = "GenericsDemo", "GenericsDemo\GenericsDemo.csproj", "{D39EFB1D-C3A7-4621-A533-8F310DB60FC4}"
EndProject
Global
	GlobalSection(SolutionConfigurationPlatforms) = preSolution
		Debug|Any CPU = Debug|Any CPU
		Release|Any CPU = Release|Any CPU
	EndGlobalSection
	GlobalSection(ProjectConfigurationPlatforms) = postSolution
		{D39EFB1D-C3A7-4621-A533-8F310DB60FC4}.Debug|Any CPU.ActiveCfg = Debug|Any CPU
		{D39EFB1D-C3A7-4621-A533-8F310DB60FC4}.Debug|Any CPU.Build.0 = Debug|Any CPU
		{D39EFB1D-C3A7-4621-A533-8F310DB60FC4}.Release|Any CPU.ActiveCfg = Release|Any CPU
		{D39EFB1D-C3A7-4621-A533-8F310DB60FC4}.Release|Any CPU.Build.0 = Release|Any CPU
	EndGlobalSection
	GlobalSection(SolutionProperties) = preSolution
		HideSolutionNode = FALSE
	EndGlobalSection
	GlobalSection(ExtensibilityGlobals) = postSolution
		SolutionGuid = {45E087E6-0D85-4621-B70B-922186C789BF}
	EndGlobalSection
EndGlobal
